
Microsoft Visual Studio Solution File, Format Version 12.00
# Visual Studio Version 16
VisualStudioVersion = 16.0.31624.102
MinimumVisualStudioVersion = 10.0.40219.1
Project("{FAE04EC0-301F-11D3-BF4B-00C04F79EFBC}") = "RestarurantRaterMVC", "RestarurantRaterMVC\RestarurantRaterMVC.csproj", "{FDD61209-F021-4712-82C9-9F8B1A3C7B82}"
EndProject
Global
	GlobalSection(SolutionConfigurationPlatforms) = preSolution
		Debug|Any CPU = Debug|Any CPU
		Release|Any CPU = Release|Any CPU
	EndGlobalSection
	GlobalSection(ProjectConfigurationPlatforms) = postSolution
		{FDD61209-F021-4712-82C9-9F8B1A3C7B82}.Debug|Any CPU.ActiveCfg = Debug|Any CPU
		{FDD61209-F021-4712-82C9-9F8B1A3C7B82}.Debug|Any CPU.Build.0 = Debug|Any CPU
		{FDD61209-F021-4712-82C9-9F8B1A3C7B82}.Release|Any CPU.ActiveCfg = Release|Any CPU
		{FDD61209-F021-4712-82C9-9F8B1A3C7B82}.Release|Any CPU.Build.0 = Release|Any CPU
	EndGlobalSection
	GlobalSection(SolutionProperties) = preSolution
		HideSolutionNode = FALSE
	EndGlobalSection
	GlobalSection(ExtensibilityGlobals) = postSolution
		SolutionGuid = {7065696B-E2C4-4BDF-A300-C328460F7549}
	EndGlobalSection
EndGlobal
